
Microsoft Visual Studio Solution File, Format Version 12.00
# Visual Studio Version 16
VisualStudioVersion = 16.0.30104.148
MinimumVisualStudioVersion = 10.0.40219.1
Project("{FAE04EC0-301F-11D3-BF4B-00C04F79EFBC}") = "InstantMessage.Web", "InstantMessage.Web\InstantMessage.Web.csproj", "{57C190DB-DF0F-49BA-AAC0-53B8BA22B5C3}"
EndProject
Project("{FAE04EC0-301F-11D3-BF4B-00C04F79EFBC}") = "InstantMessage.Interface", "InstantMessage.Interface\InstantMessage.Interface.csproj", "{5B5246A6-28DC-4481-979D-4676D0740AE3}"
EndProject
Project("{FAE04EC0-301F-11D3-BF4B-00C04F79EFBC}") = "InstantMessage.Service", "InstantMessage.Implementation\InstantMessage.Service.csproj", "{42FA1DF0-8C20-44A9-ABEB-8B8F93A99C08}"
EndProject
Project("{FAE04EC0-301F-11D3-BF4B-00C04F79EFBC}") = "InstantMessage.Common", "InstantMessage.Common\InstantMessage.Common.csproj", "{31FDC549-E913-4A34-8302-735D9D060660}"
EndProject
Project("{FAE04EC0-301F-11D3-BF4B-00C04F79EFBC}") = "InstantMessage.DataModel", "InstantMessage.DataModel\InstantMessage.DataModel.csproj", "{B15F2D7D-73F4-4C26-A8A8-65BF6C01AAE6}"
EndProject
Global
	GlobalSection(SolutionConfigurationPlatforms) = preSolution
		Debug|Any CPU = Debug|Any CPU
		Release|Any CPU = Release|Any CPU
	EndGlobalSection
	GlobalSection(ProjectConfigurationPlatforms) = postSolution
		{57C190DB-DF0F-49BA-AAC0-53B8BA22B5C3}.Debug|Any CPU.ActiveCfg = Debug|Any CPU
		{57C190DB-DF0F-49BA-AAC0-53B8BA22B5C3}.Debug|Any CPU.Build.0 = Debug|Any CPU
		{57C190DB-DF0F-49BA-AAC0-53B8BA22B5C3}.Release|Any CPU.ActiveCfg = Release|Any CPU
		{57C190DB-DF0F-49BA-AAC0-53B8BA22B5C3}.Release|Any CPU.Build.0 = Release|Any CPU
		{5B5246A6-28DC-4481-979D-4676D0740AE3}.Debug|Any CPU.ActiveCfg = Debug|Any CPU
		{5B5246A6-28DC-4481-979D-4676D0740AE3}.Debug|Any CPU.Build.0 = Debug|Any CPU
		{5B5246A6-28DC-4481-979D-4676D0740AE3}.Release|Any CPU.ActiveCfg = Release|Any CPU
		{5B5246A6-28DC-4481-979D-4676D0740AE3}.Release|Any CPU.Build.0 = Release|Any CPU
		{42FA1DF0-8C20-44A9-ABEB-8B8F93A99C08}.Debug|Any CPU.ActiveCfg = Debug|Any CPU
		{42FA1DF0-8C20-44A9-ABEB-8B8F93A99C08}.Debug|Any CPU.Build.0 = Debug|Any CPU
		{42FA1DF0-8C20-44A9-ABEB-8B8F93A99C08}.Release|Any CPU.ActiveCfg = Release|Any CPU
		{42FA1DF0-8C20-44A9-ABEB-8B8F93A99C08}.Release|Any CPU.Build.0 = Release|Any CPU
		{31FDC549-E913-4A34-8302-735D9D060660}.Debug|Any CPU.ActiveCfg = Debug|Any CPU
		{31FDC549-E913-4A34-8302-735D9D060660}.Debug|Any CPU.Build.0 = Debug|Any CPU
		{31FDC549-E913-4A34-8302-735D9D060660}.Release|Any CPU.ActiveCfg = Release|Any CPU
		{31FDC549-E913-4A34-8302-735D9D060660}.Release|Any CPU.Build.0 = Release|Any CPU
		{B15F2D7D-73F4-4C26-A8A8-65BF6C01AAE6}.Debug|Any CPU.ActiveCfg = Debug|Any CPU
		{B15F2D7D-73F4-4C26-A8A8-65BF6C01AAE6}.Debug|Any CPU.Build.0 = Debug|Any CPU
		{B15F2D7D-73F4-4C26-A8A8-65BF6C01AAE6}.Release|Any CPU.ActiveCfg = Release|Any CPU
		{B15F2D7D-73F4-4C26-A8A8-65BF6C01AAE6}.Release|Any CPU.Build.0 = Release|Any CPU
	EndGlobalSection
	GlobalSection(SolutionProperties) = preSolution
		HideSolutionNode = FALSE
	EndGlobalSection
	GlobalSection(ExtensibilityGlobals) = postSolution
		SolutionGuid = {EF2EB81F-8326-44D8-B885-15B5AAD80D4F}
	EndGlobalSection
EndGlobal
